
Microsoft Visual Studio Solution File, Format Version 12.00
# Visual Studio 15
VisualStudioVersion = 15.0.28307.421
MinimumVisualStudioVersion = 10.0.40219.1
Project("{FAE04EC0-301F-11D3-BF4B-00C04F79EFBC}") = "FirmaPdfCertificado", "FirmaPdfCertificado\FirmaPdfCertificado.csproj", "{FC814FB5-C534-4E68-8C66-24ED87ACAF01}"
EndProject
Global
	GlobalSection(SolutionConfigurationPlatforms) = preSolution
		Debug|Any CPU = Debug|Any CPU
		Release|Any CPU = Release|Any CPU
	EndGlobalSection
	GlobalSection(ProjectConfigurationPlatforms) = postSolution
		{FC814FB5-C534-4E68-8C66-24ED87ACAF01}.Debug|Any CPU.ActiveCfg = Debug|Any CPU
		{FC814FB5-C534-4E68-8C66-24ED87ACAF01}.Debug|Any CPU.Build.0 = Debug|Any CPU
		{FC814FB5-C534-4E68-8C66-24ED87ACAF01}.Release|Any CPU.ActiveCfg = Release|Any CPU
		{FC814FB5-C534-4E68-8C66-24ED87ACAF01}.Release|Any CPU.Build.0 = Release|Any CPU
	EndGlobalSection
	GlobalSection(SolutionProperties) = preSolution
		HideSolutionNode = FALSE
	EndGlobalSection
	GlobalSection(ExtensibilityGlobals) = postSolution
		SolutionGuid = {4B9B3FFD-4F63-4BCF-BF30-06B3F0F26F8A}
	EndGlobalSection
EndGlobal
