
Microsoft Visual Studio Solution File, Format Version 12.00
# Visual Studio 15
VisualStudioVersion = 15.0.28307.572
MinimumVisualStudioVersion = 10.0.40219.1
Project("{FAE04EC0-301F-11D3-BF4B-00C04F79EFBC}") = "Efebyte_Api", "Efebyte_Api\Efebyte_Api.csproj", "{2C40B914-50BE-4B88-8302-FDB80E71BDAA}"
EndProject
Global
	GlobalSection(SolutionConfigurationPlatforms) = preSolution
		Debug|Any CPU = Debug|Any CPU
		Release|Any CPU = Release|Any CPU
	EndGlobalSection
	GlobalSection(ProjectConfigurationPlatforms) = postSolution
		{2C40B914-50BE-4B88-8302-FDB80E71BDAA}.Debug|Any CPU.ActiveCfg = Debug|Any CPU
		{2C40B914-50BE-4B88-8302-FDB80E71BDAA}.Debug|Any CPU.Build.0 = Debug|Any CPU
		{2C40B914-50BE-4B88-8302-FDB80E71BDAA}.Release|Any CPU.ActiveCfg = Release|Any CPU
		{2C40B914-50BE-4B88-8302-FDB80E71BDAA}.Release|Any CPU.Build.0 = Release|Any CPU
	EndGlobalSection
	GlobalSection(SolutionProperties) = preSolution
		HideSolutionNode = FALSE
	EndGlobalSection
	GlobalSection(ExtensibilityGlobals) = postSolution
		SolutionGuid = {DCFD5DF5-24FE-4C1F-AC74-A6D0DABB667C}
	EndGlobalSection
EndGlobal
