
Microsoft Visual Studio Solution File, Format Version 12.00
# Visual Studio 15
VisualStudioVersion = 15.0.28307.421
MinimumVisualStudioVersion = 10.0.40219.1
Project("{FAE04EC0-301F-11D3-BF4B-00C04F79EFBC}") = "prueba_template_op", "prueba_template_op\prueba_template_op.csproj", "{0FAEE48D-1C4E-4462-804C-9255307E4467}"
EndProject
Global
	GlobalSection(SolutionConfigurationPlatforms) = preSolution
		Debug|Any CPU = Debug|Any CPU
		Release|Any CPU = Release|Any CPU
	EndGlobalSection
	GlobalSection(ProjectConfigurationPlatforms) = postSolution
		{0FAEE48D-1C4E-4462-804C-9255307E4467}.Debug|Any CPU.ActiveCfg = Debug|Any CPU
		{0FAEE48D-1C4E-4462-804C-9255307E4467}.Debug|Any CPU.Build.0 = Debug|Any CPU
		{0FAEE48D-1C4E-4462-804C-9255307E4467}.Release|Any CPU.ActiveCfg = Release|Any CPU
		{0FAEE48D-1C4E-4462-804C-9255307E4467}.Release|Any CPU.Build.0 = Release|Any CPU
	EndGlobalSection
	GlobalSection(SolutionProperties) = preSolution
		HideSolutionNode = FALSE
	EndGlobalSection
	GlobalSection(ExtensibilityGlobals) = postSolution
		SolutionGuid = {9229E7C0-2644-44E5-A168-7442C6DA7B96}
	EndGlobalSection
EndGlobal
